
Microsoft Visual Studio Solution File, Format Version 12.00
# Visual Studio Version 16
VisualStudioVersion = 16.0.29920.165
MinimumVisualStudioVersion = 10.0.40219.1
Project("{FAE04EC0-301F-11D3-BF4B-00C04F79EFBC}") = "appIF3", "appIF3\appIF3.csproj", "{1F1849C4-C342-400C-8B25-53EE3A415DCE}"
EndProject
Global
	GlobalSection(SolutionConfigurationPlatforms) = preSolution
		Debug|Any CPU = Debug|Any CPU
		Release|Any CPU = Release|Any CPU
	EndGlobalSection
	GlobalSection(ProjectConfigurationPlatforms) = postSolution
		{1F1849C4-C342-400C-8B25-53EE3A415DCE}.Debug|Any CPU.ActiveCfg = Debug|Any CPU
		{1F1849C4-C342-400C-8B25-53EE3A415DCE}.Debug|Any CPU.Build.0 = Debug|Any CPU
		{1F1849C4-C342-400C-8B25-53EE3A415DCE}.Release|Any CPU.ActiveCfg = Release|Any CPU
		{1F1849C4-C342-400C-8B25-53EE3A415DCE}.Release|Any CPU.Build.0 = Release|Any CPU
	EndGlobalSection
	GlobalSection(SolutionProperties) = preSolution
		HideSolutionNode = FALSE
	EndGlobalSection
	GlobalSection(ExtensibilityGlobals) = postSolution
		SolutionGuid = {DE0E89E9-34F4-42C6-AF50-36E4A20F7B13}
	EndGlobalSection
EndGlobal
