
Microsoft Visual Studio Solution File, Format Version 12.00
# Visual Studio Version 16
VisualStudioVersion = 16.0.29920.165
MinimumVisualStudioVersion = 10.0.40219.1
Project("{FAE04EC0-301F-11D3-BF4B-00C04F79EFBC}") = "appDoWhile1", "appDoWhile1\appDoWhile1.csproj", "{9EB53DF6-9DDB-43A2-8E2B-C944B000C455}"
EndProject
Global
	GlobalSection(SolutionConfigurationPlatforms) = preSolution
		Debug|Any CPU = Debug|Any CPU
		Release|Any CPU = Release|Any CPU
	EndGlobalSection
	GlobalSection(ProjectConfigurationPlatforms) = postSolution
		{9EB53DF6-9DDB-43A2-8E2B-C944B000C455}.Debug|Any CPU.ActiveCfg = Debug|Any CPU
		{9EB53DF6-9DDB-43A2-8E2B-C944B000C455}.Debug|Any CPU.Build.0 = Debug|Any CPU
		{9EB53DF6-9DDB-43A2-8E2B-C944B000C455}.Release|Any CPU.ActiveCfg = Release|Any CPU
		{9EB53DF6-9DDB-43A2-8E2B-C944B000C455}.Release|Any CPU.Build.0 = Release|Any CPU
	EndGlobalSection
	GlobalSection(SolutionProperties) = preSolution
		HideSolutionNode = FALSE
	EndGlobalSection
	GlobalSection(ExtensibilityGlobals) = postSolution
		SolutionGuid = {61E8CE63-7B64-4FA9-9CB8-4A4B942B8B1C}
	EndGlobalSection
EndGlobal
