
Microsoft Visual Studio Solution File, Format Version 12.00
# Visual Studio Version 16
VisualStudioVersion = 16.0.29920.165
MinimumVisualStudioVersion = 10.0.40219.1
Project("{FAE04EC0-301F-11D3-BF4B-00C04F79EFBC}") = "appWhile4", "appWhile4\appWhile4.csproj", "{C4A51F39-057E-4C73-8081-B7E57A45F79E}"
EndProject
Global
	GlobalSection(SolutionConfigurationPlatforms) = preSolution
		Debug|Any CPU = Debug|Any CPU
		Release|Any CPU = Release|Any CPU
	EndGlobalSection
	GlobalSection(ProjectConfigurationPlatforms) = postSolution
		{C4A51F39-057E-4C73-8081-B7E57A45F79E}.Debug|Any CPU.ActiveCfg = Debug|Any CPU
		{C4A51F39-057E-4C73-8081-B7E57A45F79E}.Debug|Any CPU.Build.0 = Debug|Any CPU
		{C4A51F39-057E-4C73-8081-B7E57A45F79E}.Release|Any CPU.ActiveCfg = Release|Any CPU
		{C4A51F39-057E-4C73-8081-B7E57A45F79E}.Release|Any CPU.Build.0 = Release|Any CPU
	EndGlobalSection
	GlobalSection(SolutionProperties) = preSolution
		HideSolutionNode = FALSE
	EndGlobalSection
	GlobalSection(ExtensibilityGlobals) = postSolution
		SolutionGuid = {7D694E32-9030-454B-AB2F-A0B6329AC0C9}
	EndGlobalSection
EndGlobal
