
Microsoft Visual Studio Solution File, Format Version 12.00
# Visual Studio Version 16
VisualStudioVersion = 16.0.29920.165
MinimumVisualStudioVersion = 10.0.40219.1
Project("{FAE04EC0-301F-11D3-BF4B-00C04F79EFBC}") = "appSwitch2", "appSwitch2\appSwitch2.csproj", "{B4D1A9EF-7CE7-49A6-A557-C6E95EA9954D}"
EndProject
Global
	GlobalSection(SolutionConfigurationPlatforms) = preSolution
		Debug|Any CPU = Debug|Any CPU
		Release|Any CPU = Release|Any CPU
	EndGlobalSection
	GlobalSection(ProjectConfigurationPlatforms) = postSolution
		{B4D1A9EF-7CE7-49A6-A557-C6E95EA9954D}.Debug|Any CPU.ActiveCfg = Debug|Any CPU
		{B4D1A9EF-7CE7-49A6-A557-C6E95EA9954D}.Debug|Any CPU.Build.0 = Debug|Any CPU
		{B4D1A9EF-7CE7-49A6-A557-C6E95EA9954D}.Release|Any CPU.ActiveCfg = Release|Any CPU
		{B4D1A9EF-7CE7-49A6-A557-C6E95EA9954D}.Release|Any CPU.Build.0 = Release|Any CPU
	EndGlobalSection
	GlobalSection(SolutionProperties) = preSolution
		HideSolutionNode = FALSE
	EndGlobalSection
	GlobalSection(ExtensibilityGlobals) = postSolution
		SolutionGuid = {E93AE8AB-99E0-492B-BAC9-5688D73FDEA3}
	EndGlobalSection
EndGlobal
