
Microsoft Visual Studio Solution File, Format Version 12.00
# Visual Studio Version 16
VisualStudioVersion = 16.0.29920.165
MinimumVisualStudioVersion = 10.0.40219.1
Project("{FAE04EC0-301F-11D3-BF4B-00C04F79EFBC}") = "appIF2", "appIF2\appIF2.csproj", "{BC7E1497-F51C-4BC7-8670-E7C768A7283C}"
EndProject
Global
	GlobalSection(SolutionConfigurationPlatforms) = preSolution
		Debug|Any CPU = Debug|Any CPU
		Release|Any CPU = Release|Any CPU
	EndGlobalSection
	GlobalSection(ProjectConfigurationPlatforms) = postSolution
		{BC7E1497-F51C-4BC7-8670-E7C768A7283C}.Debug|Any CPU.ActiveCfg = Debug|Any CPU
		{BC7E1497-F51C-4BC7-8670-E7C768A7283C}.Debug|Any CPU.Build.0 = Debug|Any CPU
		{BC7E1497-F51C-4BC7-8670-E7C768A7283C}.Release|Any CPU.ActiveCfg = Release|Any CPU
		{BC7E1497-F51C-4BC7-8670-E7C768A7283C}.Release|Any CPU.Build.0 = Release|Any CPU
	EndGlobalSection
	GlobalSection(SolutionProperties) = preSolution
		HideSolutionNode = FALSE
	EndGlobalSection
	GlobalSection(ExtensibilityGlobals) = postSolution
		SolutionGuid = {61A709AF-5882-4214-876A-6C338129C14A}
	EndGlobalSection
EndGlobal
